
Microsoft Visual Studio Solution File, Format Version 12.00
# Visual Studio Version 16
VisualStudioVersion = 16.0.30717.126
MinimumVisualStudioVersion = 10.0.40219.1
Project("{9A19103F-16F7-4668-BE54-9A1E7A4F7556}") = "FarjamRayan", "FarjamRayan\FarjamRayan.csproj", "{7EBA634B-C2B7-475E-ADBF-37DD6312E738}"
EndProject
Global
	GlobalSection(SolutionConfigurationPlatforms) = preSolution
		Debug|Any CPU = Debug|Any CPU
		Release|Any CPU = Release|Any CPU
	EndGlobalSection
	GlobalSection(ProjectConfigurationPlatforms) = postSolution
		{7EBA634B-C2B7-475E-ADBF-37DD6312E738}.Debug|Any CPU.ActiveCfg = Debug|Any CPU
		{7EBA634B-C2B7-475E-ADBF-37DD6312E738}.Debug|Any CPU.Build.0 = Debug|Any CPU
		{7EBA634B-C2B7-475E-ADBF-37DD6312E738}.Release|Any CPU.ActiveCfg = Release|Any CPU
		{7EBA634B-C2B7-475E-ADBF-37DD6312E738}.Release|Any CPU.Build.0 = Release|Any CPU
	EndGlobalSection
	GlobalSection(SolutionProperties) = preSolution
		HideSolutionNode = FALSE
	EndGlobalSection
	GlobalSection(ExtensibilityGlobals) = postSolution
		SolutionGuid = {A468C5ED-521A-41B4-A40A-3C7034E2BF7F}
	EndGlobalSection
	GlobalSection(TeamFoundationVersionControl) = preSolution
		SccNumberOfProjects = 2
		SccEnterpriseProvider = {4CA58AB2-18FA-4F8D-95D4-32DDF27D184C}
		SccTeamFoundationServer = https://farjamrayan.visualstudio.com/
		SccLocalPath0 = .
		SccProjectUniqueName1 = FarjamRayan\\FarjamRayan.csproj
		SccProjectName1 = FarjamRayan
		SccLocalPath1 = FarjamRayan
	EndGlobalSection
EndGlobal
